{
  "requires": true,
  "lockfileVersion": 1,
  "dependencies": {
    "area-triangulo-df": {
      "version": "2.0.0",
      "resolved": "https://registry.npmjs.org/area-triangulo-df/-/area-triangulo-df-2.0.0.tgz",
      "integrity": "sha512-8Nz1CnHnNPdEfng/oSuTdFF+Bos4+yOAThECKmcwTvYsKzIYzXSd0BR/UaetX9NWgiRL3J1RGBmd/D3MU4ZTAg=="
    },
    "readline-sync": {
      "version": "1.4.9",
      "resolved": "https://registry.npmjs.org/readline-sync/-/readline-sync-1.4.9.tgz",
      "integrity": "sha1-PtqOZfI80qF+YTAbHwADOWr17No="
    }
  }
}
